// !$*UTF8*$!
{
	archiveVersion = 1;
	classes = {
	};
	objectVersion = 46;
	objects = {

/* Begin PBXBuildFile section */
		CE9E1E531B593FE600A06130 /* AppDelegate.swift in Sources */ = {isa = PBXBuildFile; fileRef = CE9E1E521B593FE600A06130 /* AppDelegate.swift */; };
		CE9E1E551B593FE600A06130 /* ViewController.swift in Sources */ = {isa = PBXBuildFile; fileRef = CE9E1E541B593FE600A06130 /* ViewController.swift */; };
		CE9E1E581B593FE600A06130 /* Main.storyboard in Resources */ = {isa = PBXBuildFile; fileRef = CE9E1E561B593FE600A06130 /* Main.storyboard */; };
		CE9E1E5A1B593FE600A06130 /* Images.xcassets in Resources */ = {isa = PBXBuildFile; fileRef = CE9E1E591B593FE600A06130 /* Images.xcassets */; };
		CE9E1E5D1B593FE600A06130 /* LaunchScreen.xib in Resources */ = {isa = PBXBuildFile; fileRef = CE9E1E5B1B593FE600A06130 /* LaunchScreen.xib */; };
		CE9E1E761B59413B00A06130 /* VLCRemoteKitExampleTests.swift in Sources */ = {isa = PBXBuildFile; fileRef = CE9E1E751B59413B00A06130 /* VLCRemoteKitExampleTests.swift */; };
		CE9E1E7B1B59418000A06130 /* VLCRemoteKit.swift in Sources */ = {isa = PBXBuildFile; fileRef = CE9E1E7A1B59418000A06130 /* VLCRemoteKit.swift */; };
		CE9E1E7C1B59418000A06130 /* VLCRemoteKit.swift in Sources */ = {isa = PBXBuildFile; fileRef = CE9E1E7A1B59418000A06130 /* VLCRemoteKit.swift */; };
/* End PBXBuildFile section */

/* Begin PBXContainerItemProxy section */
		CE9E1E631B593FE600A06130 /* PBXContainerItemProxy */ = {
			isa = PBXContainerItemProxy;
			containerPortal = CE9E1E451B593FE500A06130 /* Project object */;
			proxyType = 1;
			remoteGlobalIDString = CE9E1E4C1B593FE600A06130;
			remoteInfo = VLCRemoteKitExample;
		};
/* End PBXContainerItemProxy section */

/* Begin PBXFileReference section */
		CE9E1E4D1B593FE600A06130 /* VLCRemoteKitExample.app */ = {isa = PBXFileReference; explicitFileType = wrapper.application; includeInIndex = 0; path = VLCRemoteKitExample.app; sourceTree = BUILT_PRODUCTS_DIR; };
		CE9E1E511B593FE600A06130 /* Info.plist */ = {isa = PBXFileReference; lastKnownFileType = text.plist.xml; path = Info.plist; sourceTree = "<group>"; };
		CE9E1E521B593FE600A06130 /* AppDelegate.swift */ = {isa = PBXFileReference; lastKnownFileType = sourcecode.swift; path = AppDelegate.swift; sourceTree = "<group>"; };
		CE9E1E541B593FE600A06130 /* ViewController.swift */ = {isa = PBXFileReference; lastKnownFileType = sourcecode.swift; path = ViewController.swift; sourceTree = "<group>"; };
		CE9E1E571B593FE600A06130 /* Base */ = {isa = PBXFileReference; lastKnownFileType = file.storyboard; name = Base; path = Base.lproj/Main.storyboard; sourceTree = "<group>"; };
		CE9E1E591B593FE600A06130 /* Images.xcassets */ = {isa = PBXFileReference; lastKnownFileType = folder.assetcatalog; path = Images.xcassets; sourceTree = "<group>"; };
		CE9E1E5C1B593FE600A06130 /* Base */ = {isa = PBXFileReference; lastKnownFileType = file.xib; name = Base; path = Base.lproj/LaunchScreen.xib; sourceTree = "<group>"; };
		CE9E1E621B593FE600A06130 /* VLCRemoteKitExampleTests.xctest */ = {isa = PBXFileReference; explicitFileType = wrapper.cfbundle; includeInIndex = 0; path = VLCRemoteKitExampleTests.xctest; sourceTree = BUILT_PRODUCTS_DIR; };
		CE9E1E671B593FE600A06130 /* Info.plist */ = {isa = PBXFileReference; lastKnownFileType = text.plist.xml; path = Info.plist; sourceTree = "<group>"; };
		CE9E1E751B59413B00A06130 /* VLCRemoteKitExampleTests.swift */ = {isa = PBXFileReference; fileEncoding = 4; lastKnownFileType = sourcecode.swift; name = VLCRemoteKitExampleTests.swift; path = ../../Tests/VLCRemoteKitExampleTests.swift; sourceTree = "<group>"; };
		CE9E1E7A1B59418000A06130 /* VLCRemoteKit.swift */ = {isa = PBXFileReference; fileEncoding = 4; lastKnownFileType = sourcecode.swift; path = VLCRemoteKit.swift; sourceTree = "<group>"; };
/* End PBXFileReference section */

/* Begin PBXFrameworksBuildPhase section */
		CE9E1E4A1B593FE600A06130 /* Frameworks */ = {
			isa = PBXFrameworksBuildPhase;
			buildActionMask = 2147483647;
			files = (
			);
			runOnlyForDeploymentPostprocessing = 0;
		};
		CE9E1E5F1B593FE600A06130 /* Frameworks */ = {
			isa = PBXFrameworksBuildPhase;
			buildActionMask = 2147483647;
			files = (
			);
			runOnlyForDeploymentPostprocessing = 0;
		};
/* End PBXFrameworksBuildPhase section */

/* Begin PBXGroup section */
		CE9E1E441B593FE500A06130 = {
			isa = PBXGroup;
			children = (
				CE9E1E791B59418000A06130 /* VLCRemoteKit */,
				CE9E1E4F1B593FE600A06130 /* VLCRemoteKitExample */,
				CE9E1E651B593FE600A06130 /* VLCRemoteKitTests */,
				CE9E1E4E1B593FE600A06130 /* Products */,
			);
			sourceTree = "<group>";
		};
		CE9E1E4E1B593FE600A06130 /* Products */ = {
			isa = PBXGroup;
			children = (
				CE9E1E4D1B593FE600A06130 /* VLCRemoteKitExample.app */,
				CE9E1E621B593FE600A06130 /* VLCRemoteKitExampleTests.xctest */,
			);
			name = Products;
			sourceTree = "<group>";
		};
		CE9E1E4F1B593FE600A06130 /* VLCRemoteKitExample */ = {
			isa = PBXGroup;
			children = (
				CE9E1E521B593FE600A06130 /* AppDelegate.swift */,
				CE9E1E541B593FE600A06130 /* ViewController.swift */,
				CE9E1E561B593FE600A06130 /* Main.storyboard */,
				CE9E1E591B593FE600A06130 /* Images.xcassets */,
				CE9E1E5B1B593FE600A06130 /* LaunchScreen.xib */,
				CE9E1E501B593FE600A06130 /* Supporting Files */,
			);
			path = VLCRemoteKitExample;
			sourceTree = "<group>";
		};
		CE9E1E501B593FE600A06130 /* Supporting Files */ = {
			isa = PBXGroup;
			children = (
				CE9E1E511B593FE600A06130 /* Info.plist */,
			);
			name = "Supporting Files";
			sourceTree = "<group>";
		};
		CE9E1E651B593FE600A06130 /* VLCRemoteKitTests */ = {
			isa = PBXGroup;
			children = (
				CE9E1E661B593FE600A06130 /* Supporting Files */,
				CE9E1E751B59413B00A06130 /* VLCRemoteKitExampleTests.swift */,
			);
			name = VLCRemoteKitTests;
			path = VLCRemoteKitExampleTests;
			sourceTree = "<group>";
		};
		CE9E1E661B593FE600A06130 /* Supporting Files */ = {
			isa = PBXGroup;
			children = (
				CE9E1E671B593FE600A06130 /* Info.plist */,
			);
			name = "Supporting Files";
			sourceTree = "<group>";
		};
		CE9E1E791B59418000A06130 /* VLCRemoteKit */ = {
			isa = PBXGroup;
			children = (
				CE9E1E7A1B59418000A06130 /* VLCRemoteKit.swift */,
			);
			name = VLCRemoteKit;
			path = ../VLCRemoteKit;
			sourceTree = "<group>";
		};
/* End PBXGroup section */

/* Begin PBXNativeTarget section */
		CE9E1E4C1B593FE600A06130 /* VLCRemoteKitExample */ = {
			isa = PBXNativeTarget;
			buildConfigurationList = CE9E1E6C1B593FE600A06130 /* Build configuration list for PBXNativeTarget "VLCRemoteKitExample" */;
			buildPhases = (
				CE9E1E491B593FE600A06130 /* Sources */,
				CE9E1E4A1B593FE600A06130 /* Frameworks */,
				CE9E1E4B1B593FE600A06130 /* Resources */,
			);
			buildRules = (
			);
			dependencies = (
			);
			name = VLCRemoteKitExample;
			productName = VLCRemoteKitExample;
			productReference = CE9E1E4D1B593FE600A06130 /* VLCRemoteKitExample.app */;
			productType = "com.apple.product-type.application";
		};
		CE9E1E611B593FE600A06130 /* VLCRemoteKitExampleTests */ = {
			isa = PBXNativeTarget;
			buildConfigurationList = CE9E1E6F1B593FE600A06130 /* Build configuration list for PBXNativeTarget "VLCRemoteKitExampleTests" */;
			buildPhases = (
				CE9E1E5E1B593FE600A06130 /* Sources */,
				CE9E1E5F1B593FE600A06130 /* Frameworks */,
				CE9E1E601B593FE600A06130 /* Resources */,
			);
			buildRules = (
			);
			dependencies = (
				CE9E1E641B593FE600A06130 /* PBXTargetDependency */,
			);
			name = VLCRemoteKitExampleTests;
			productName = VLCRemoteKitExampleTests;
			productReference = CE9E1E621B593FE600A06130 /* VLCRemoteKitExampleTests.xctest */;
			productType = "com.apple.product-type.bundle.unit-test";
		};
/* End PBXNativeTarget section */

/* Begin PBXProject section */
		CE9E1E451B593FE500A06130 /* Project object */ = {
			isa = PBXProject;
			attributes = {
				LastUpgradeCheck = 0640;
				ORGANIZATIONNAME = "Yannick LORIOT";
				TargetAttributes = {
					CE9E1E4C1B593FE600A06130 = {
						CreatedOnToolsVersion = 6.4;
					};
					CE9E1E611B593FE600A06130 = {
						CreatedOnToolsVersion = 6.4;
						TestTargetID = CE9E1E4C1B593FE600A06130;
					};
				};
			};
			buildConfigurationList = CE9E1E481B593FE500A06130 /* Build configuration list for PBXProject "VLCRemoteKitExample" */;
			compatibilityVersion = "Xcode 3.2";
			developmentRegion = English;
			hasScannedForEncodings = 0;
			knownRegions = (
				en,
				Base,
			);
			mainGroup = CE9E1E441B593FE500A06130;
			productRefGroup = CE9E1E4E1B593FE600A06130 /* Products */;
			projectDirPath = "";
			projectRoot = "";
			targets = (
				CE9E1E4C1B593FE600A06130 /* VLCRemoteKitExample */,
				CE9E1E611B593FE600A06130 /* VLCRemoteKitExampleTests */,
			);
		};
/* End PBXProject section */

/* Begin PBXResourcesBuildPhase section */
		CE9E1E4B1B593FE600A06130 /* Resources */ = {
			isa = PBXResourcesBuildPhase;
			buildActionMask = 2147483647;
			files = (
				CE9E1E581B593FE600A06130 /* Main.storyboard in Resources */,
				CE9E1E5D1B593FE600A06130 /* LaunchScreen.xib in Resources */,
				CE9E1E5A1B593FE600A06130 /* Images.xcassets in Resources */,
			);
			runOnlyForDeploymentPostprocessing = 0;
		};
		CE9E1E601B593FE600A06130 /* Resources */ = {
			isa = PBXResourcesBuildPhase;
			buildActionMask = 2147483647;
			files = (
			);
			runOnlyForDeploymentPostprocessing = 0;
		};
/* End PBXResourcesBuildPhase section */

/* Begin PBXSourcesBuildPhase section */
		CE9E1E491B593FE600A06130 /* Sources */ = {
			isa = PBXSourcesBuildPhase;
			buildActionMask = 2147483647;
			files = (
				CE9E1E551B593FE600A06130 /* ViewController.swift in Sources */,
				CE9E1E7B1B59418000A06130 /* VLCRemoteKit.swift in Sources */,
				CE9E1E531B593FE600A06130 /* AppDelegate.swift in Sources */,
			);
			runOnlyForDeploymentPostprocessing = 0;
		};
		CE9E1E5E1B593FE600A06130 /* Sources */ = {
			isa = PBXSourcesBuildPhase;
			buildActionMask = 2147483647;
			files = (
				CE9E1E7C1B59418000A06130 /* VLCRemoteKit.swift in Sources */,
				CE9E1E761B59413B00A06130 /* VLCRemoteKitExampleTests.swift in Sources */,
			);
			runOnlyForDeploymentPostprocessing = 0;
		};
/* End PBXSourcesBuildPhase section */

/* Begin PBXTargetDependency section */
		CE9E1E641B593FE600A06130 /* PBXTargetDependency */ = {
			isa = PBXTargetDependency;
			target = CE9E1E4C1B593FE600A06130 /* VLCRemoteKitExample */;
			targetProxy = CE9E1E631B593FE600A06130 /* PBXContainerItemProxy */;
		};
/* End PBXTargetDependency section */

/* Begin PBXVariantGroup section */
		CE9E1E561B593FE600A06130 /* Main.storyboard */ = {
			isa = PBXVariantGroup;
			children = (
				CE9E1E571B593FE600A06130 /* Base */,
			);
			name = Main.storyboard;
			sourceTree = "<group>";
		};
		CE9E1E5B1B593FE600A06130 /* LaunchScreen.xib */ = {
			isa = PBXVariantGroup;
			children = (
				CE9E1E5C1B593FE600A06130 /* Base */,
			);
			name = LaunchScreen.xib;
			sourceTree = "<group>";
		};
/* End PBXVariantGroup section */

/* Begin XCBuildConfiguration section */
		CE9E1E6A1B593FE600A06130 /* Debug */ = {
			isa = XCBuildConfiguration;
			buildSettings = {
				ALWAYS_SEARCH_USER_PATHS = NO;
				CLANG_CXX_LANGUAGE_STANDARD = "gnu++0x";
				CLANG_CXX_LIBRARY = "libc++";
				CLANG_ENABLE_MODULES = YES;
				CLANG_ENABLE_OBJC_ARC = YES;
				CLANG_WARN_BOOL_CONVERSION = YES;
				CLANG_WARN_CONSTANT_CONVERSION = YES;
				CLANG_WARN_DIRECT_OBJC_ISA_USAGE = YES_ERROR;
				CLANG_WARN_EMPTY_BODY = YES;
				CLANG_WARN_ENUM_CONVERSION = YES;
				CLANG_WARN_INT_CONVERSION = YES;
				CLANG_WARN_OBJC_ROOT_CLASS = YES_ERROR;
				CLANG_WARN_UNREACHABLE_CODE = YES;
				CLANG_WARN__DUPLICATE_METHOD_MATCH = YES;
				"CODE_SIGN_IDENTITY[sdk=iphoneos*]" = "iPhone Developer";
				COPY_PHASE_STRIP = NO;
				DEBUG_INFORMATION_FORMAT = "dwarf-with-dsym";
				ENABLE_STRICT_OBJC_MSGSEND = YES;
				GCC_C_LANGUAGE_STANDARD = gnu99;
				GCC_DYNAMIC_NO_PIC = NO;
				GCC_NO_COMMON_BLOCKS = YES;
				GCC_OPTIMIZATION_LEVEL = 0;
				GCC_PREPROCESSOR_DEFINITIONS = (
					"DEBUG=1",
					"$(inherited)",
				);
				GCC_SYMBOLS_PRIVATE_EXTERN = NO;
				GCC_WARN_64_TO_32_BIT_CONVERSION = YES;
				GCC_WARN_ABOUT_RETURN_TYPE = YES_ERROR;
				GCC_WARN_UNDECLARED_SELECTOR = YES;
				GCC_WARN_UNINITIALIZED_AUTOS = YES_AGGRESSIVE;
				GCC_WARN_UNUSED_FUNCTION = YES;
				GCC_WARN_UNUSED_VARIABLE = YES;
				IPHONEOS_DEPLOYMENT_TARGET = 8.0;
				MTL_ENABLE_DEBUG_INFO = YES;
				ONLY_ACTIVE_ARCH = YES;
				SDKROOT = iphoneos;
				SWIFT_OPTIMIZATION_LEVEL = "-Onone";
				TARGETED_DEVICE_FAMILY = "1,2";
			};
			name = Debug;
		};
		CE9E1E6B1B593FE600A06130 /* Release */ = {
			isa = XCBuildConfiguration;
			buildSettings = {
				ALWAYS_SEARCH_USER_PATHS = NO;
				CLANG_CXX_LANGUAGE_STANDARD = "gnu++0x";
				CLANG_CXX_LIBRARY = "libc++";
				CLANG_ENABLE_MODULES = YES;
				CLANG_ENABLE_OBJC_ARC = YES;
				CLANG_WARN_BOOL_CONVERSION = YES;
				CLANG_WARN_CONSTANT_CONVERSION = YES;
				CLANG_WARN_DIRECT_OBJC_ISA_USAGE = YES_ERROR;
				CLANG_WARN_EMPTY_BODY = YES;
				CLANG_WARN_ENUM_CONVERSION = YES;
				CLANG_WARN_INT_CONVERSION = YES;
				CLANG_WARN_OBJC_ROOT_CLASS = YES_ERROR;
				CLANG_WARN_UNREACHABLE_CODE = YES;
				CLANG_WARN__DUPLICATE_METHOD_MATCH = YES;
				"CODE_SIGN_IDENTITY[sdk=iphoneos*]" = "iPhone Developer";
				COPY_PHASE_STRIP = NO;
				DEBUG_INFORMATION_FORMAT = "dwarf-with-dsym";
				ENABLE_NS_ASSERTIONS = NO;
				ENABLE_STRICT_OBJC_MSGSEND = YES;
				GCC_C_LANGUAGE_STANDARD = gnu99;
				GCC_NO_COMMON_BLOCKS = YES;
				GCC_WARN_64_TO_32_BIT_CONVERSION = YES;
				GCC_WARN_ABOUT_RETURN_TYPE = YES_ERROR;
				GCC_WARN_UNDECLARED_SELECTOR = YES;
				GCC_WARN_UNINITIALIZED_AUTOS = YES_AGGRESSIVE;
				GCC_WARN_UNUSED_FUNCTION = YES;
				GCC_WARN_UNUSED_VARIABLE = YES;
				IPHONEOS_DEPLOYMENT_TARGET = 8.0;
				MTL_ENABLE_DEBUG_INFO = NO;
				SDKROOT = iphoneos;
				TARGETED_DEVICE_FAMILY = "1,2";
				VALIDATE_PRODUCT = YES;
			};
			name = Release;
		};
		CE9E1E6D1B593FE600A06130 /* Debug */ = {
			isa = XCBuildConfiguration;
			buildSettings = {
				ASSETCATALOG_COMPILER_APPICON_NAME = AppIcon;
				INFOPLIST_FILE = VLCRemoteKitExample/Info.plist;
				LD_RUNPATH_SEARCH_PATHS = "$(inherited) @executable_path/Frameworks";
				PRODUCT_NAME = "$(TARGET_NAME)";
			};
			name = Debug;
		};
		CE9E1E6E1B593FE600A06130 /* Release */ = {
			isa = XCBuildConfiguration;
			buildSettings = {
				ASSETCATALOG_COMPILER_APPICON_NAME = AppIcon;
				INFOPLIST_FILE = VLCRemoteKitExample/Info.plist;
				LD_RUNPATH_SEARCH_PATHS = "$(inherited) @executable_path/Frameworks";
				PRODUCT_NAME = "$(TARGET_NAME)";
			};
			name = Release;
		};
		CE9E1E701B593FE600A06130 /* Debug */ = {
			isa = XCBuildConfiguration;
			buildSettings = {
				BUNDLE_LOADER = "$(TEST_HOST)";
				FRAMEWORK_SEARCH_PATHS = (
					"$(SDKROOT)/Developer/Library/Frameworks",
					"$(inherited)",
				);
				GCC_PREPROCESSOR_DEFINITIONS = (
					"DEBUG=1",
					"$(inherited)",
				);
				INFOPLIST_FILE = VLCRemoteKitExampleTests/Info.plist;
				LD_RUNPATH_SEARCH_PATHS = "$(inherited) @executable_path/Frameworks @loader_path/Frameworks";
				PRODUCT_NAME = "$(TARGET_NAME)";
				TEST_HOST = "$(BUILT_PRODUCTS_DIR)/VLCRemoteKitExample.app/VLCRemoteKitExample";
			};
			name = Debug;
		};
		CE9E1E711B593FE600A06130 /* Release */ = {
			isa = XCBuildConfiguration;
			buildSettings = {
				BUNDLE_LOADER = "$(TEST_HOST)";
				FRAMEWORK_SEARCH_PATHS = (
					"$(SDKROOT)/Developer/Library/Frameworks",
					"$(inherited)",
				);
				INFOPLIST_FILE = VLCRemoteKitExampleTests/Info.plist;
				LD_RUNPATH_SEARCH_PATHS = "$(inherited) @executable_path/Frameworks @loader_path/Frameworks";
				PRODUCT_NAME = "$(TARGET_NAME)";
				TEST_HOST = "$(BUILT_PRODUCTS_DIR)/VLCRemoteKitExample.app/VLCRemoteKitExample";
			};
			name = Release;
		};
/* End XCBuildConfiguration section */

/* Begin XCConfigurationList section */
		CE9E1E481B593FE500A06130 /* Build configuration list for PBXProject "VLCRemoteKitExample" */ = {
			isa = XCConfigurationList;
			buildConfigurations = (
				CE9E1E6A1B593FE600A06130 /* Debug */,
				CE9E1E6B1B593FE600A06130 /* Release */,
			);
			defaultConfigurationIsVisible = 0;
			defaultConfigurationName = Release;
		};
		CE9E1E6C1B593FE600A06130 /* Build configuration list for PBXNativeTarget "VLCRemoteKitExample" */ = {
			isa = XCConfigurationList;
			buildConfigurations = (
				CE9E1E6D1B593FE600A06130 /* Debug */,
				CE9E1E6E1B593FE600A06130 /* Release */,
			);
			defaultConfigurationIsVisible = 0;
			defaultConfigurationName = Release;
		};
		CE9E1E6F1B593FE600A06130 /* Build configuration list for PBXNativeTarget "VLCRemoteKitExampleTests" */ = {
			isa = XCConfigurationList;
			buildConfigurations = (
				CE9E1E701B593FE600A06130 /* Debug */,
				CE9E1E711B593FE600A06130 /* Release */,
			);
			defaultConfigurationIsVisible = 0;
			defaultConfigurationName = Release;
		};
/* End XCConfigurationList section */
	};
	rootObject = CE9E1E451B593FE500A06130 /* Project object */;
}
