// !$*UTF8*$!
{
	archiveVersion = 1;
	classes = {
	};
	objectVersion = 46;
	objects = {

/* Begin PBXBuildFile section */
		F4276DEF189437DF0031772F /* Foundation.framework in Frameworks */ = {isa = PBXBuildFile; fileRef = F4276DEE189437DF0031772F /* Foundation.framework */; };
		F4276DF1189437DF0031772F /* CoreGraphics.framework in Frameworks */ = {isa = PBXBuildFile; fileRef = F4276DF0189437DF0031772F /* CoreGraphics.framework */; };
		F4276DF3189437DF0031772F /* UIKit.framework in Frameworks */ = {isa = PBXBuildFile; fileRef = F4276DF2189437DF0031772F /* UIKit.framework */; };
		F4276DF9189437DF0031772F /* InfoPlist.strings in Resources */ = {isa = PBXBuildFile; fileRef = F4276DF7189437DF0031772F /* InfoPlist.strings */; };
		F4276DFB189437DF0031772F /* main.m in Sources */ = {isa = PBXBuildFile; fileRef = F4276DFA189437DF0031772F /* main.m */; };
		F4276DFF189437DF0031772F /* VRKAppDelegate.m in Sources */ = {isa = PBXBuildFile; fileRef = F4276DFE189437DF0031772F /* VRKAppDelegate.m */; };
		F4276E02189437DF0031772F /* Main_iPhone.storyboard in Resources */ = {isa = PBXBuildFile; fileRef = F4276E00189437DF0031772F /* Main_iPhone.storyboard */; };
		F4276E05189437DF0031772F /* Main_iPad.storyboard in Resources */ = {isa = PBXBuildFile; fileRef = F4276E03189437DF0031772F /* Main_iPad.storyboard */; };
		F4276E08189437DF0031772F /* VRKViewController.m in Sources */ = {isa = PBXBuildFile; fileRef = F4276E07189437DF0031772F /* VRKViewController.m */; };
		F4276E0A189437DF0031772F /* Images.xcassets in Resources */ = {isa = PBXBuildFile; fileRef = F4276E09189437DF0031772F /* Images.xcassets */; };
		F44849A618998105007E2D73 /* VLCCommand.m in Sources */ = {isa = PBXBuildFile; fileRef = F44849A518998105007E2D73 /* VLCCommand.m */; };
		F44849A918999FB8007E2D73 /* VLCRemotePlaylist.m in Sources */ = {isa = PBXBuildFile; fileRef = F44849A818999FB8007E2D73 /* VLCRemotePlaylist.m */; };
		F484F0211894776400DDD777 /* VLCHTTPClient.m in Sources */ = {isa = PBXBuildFile; fileRef = F484F01F1894776400DDD777 /* VLCHTTPClient.m */; };
		F49FF9E9189D9A86004BE640 /* NSError+VLC.m in Sources */ = {isa = PBXBuildFile; fileRef = F49FF9E8189D9A86004BE640 /* NSError+VLC.m */; };
		F4A59E2C18953AAA0019B463 /* VLCRemotePlayer.m in Sources */ = {isa = PBXBuildFile; fileRef = F4A59E2B18953AAA0019B463 /* VLCRemotePlayer.m */; };
/* End PBXBuildFile section */

/* Begin PBXFileReference section */
		F4276DEB189437DF0031772F /* VLCRemoteKitExample.app */ = {isa = PBXFileReference; explicitFileType = wrapper.application; includeInIndex = 0; path = VLCRemoteKitExample.app; sourceTree = BUILT_PRODUCTS_DIR; };
		F4276DEE189437DF0031772F /* Foundation.framework */ = {isa = PBXFileReference; lastKnownFileType = wrapper.framework; name = Foundation.framework; path = System/Library/Frameworks/Foundation.framework; sourceTree = SDKROOT; };
		F4276DF0189437DF0031772F /* CoreGraphics.framework */ = {isa = PBXFileReference; lastKnownFileType = wrapper.framework; name = CoreGraphics.framework; path = System/Library/Frameworks/CoreGraphics.framework; sourceTree = SDKROOT; };
		F4276DF2189437DF0031772F /* UIKit.framework */ = {isa = PBXFileReference; lastKnownFileType = wrapper.framework; name = UIKit.framework; path = System/Library/Frameworks/UIKit.framework; sourceTree = SDKROOT; };
		F4276DF6189437DF0031772F /* VLCRemoteKitExample-Info.plist */ = {isa = PBXFileReference; lastKnownFileType = text.plist.xml; path = "VLCRemoteKitExample-Info.plist"; sourceTree = "<group>"; };
		F4276DF8189437DF0031772F /* en */ = {isa = PBXFileReference; lastKnownFileType = text.plist.strings; name = en; path = en.lproj/InfoPlist.strings; sourceTree = "<group>"; };
		F4276DFA189437DF0031772F /* main.m */ = {isa = PBXFileReference; lastKnownFileType = sourcecode.c.objc; path = main.m; sourceTree = "<group>"; };
		F4276DFC189437DF0031772F /* VLCRemoteKitExample-Prefix.pch */ = {isa = PBXFileReference; lastKnownFileType = sourcecode.c.h; path = "VLCRemoteKitExample-Prefix.pch"; sourceTree = "<group>"; };
		F4276DFD189437DF0031772F /* VRKAppDelegate.h */ = {isa = PBXFileReference; lastKnownFileType = sourcecode.c.h; path = VRKAppDelegate.h; sourceTree = "<group>"; };
		F4276DFE189437DF0031772F /* VRKAppDelegate.m */ = {isa = PBXFileReference; lastKnownFileType = sourcecode.c.objc; path = VRKAppDelegate.m; sourceTree = "<group>"; };
		F4276E01189437DF0031772F /* Base */ = {isa = PBXFileReference; lastKnownFileType = file.storyboard; name = Base; path = Base.lproj/Main_iPhone.storyboard; sourceTree = "<group>"; };
		F4276E04189437DF0031772F /* Base */ = {isa = PBXFileReference; lastKnownFileType = file.storyboard; name = Base; path = Base.lproj/Main_iPad.storyboard; sourceTree = "<group>"; };
		F4276E06189437DF0031772F /* VRKViewController.h */ = {isa = PBXFileReference; lastKnownFileType = sourcecode.c.h; path = VRKViewController.h; sourceTree = "<group>"; };
		F4276E07189437DF0031772F /* VRKViewController.m */ = {isa = PBXFileReference; lastKnownFileType = sourcecode.c.objc; path = VRKViewController.m; sourceTree = "<group>"; };
		F4276E09189437DF0031772F /* Images.xcassets */ = {isa = PBXFileReference; lastKnownFileType = folder.assetcatalog; path = Images.xcassets; sourceTree = "<group>"; };
		F4276E10189437DF0031772F /* XCTest.framework */ = {isa = PBXFileReference; lastKnownFileType = wrapper.framework; name = XCTest.framework; path = Library/Frameworks/XCTest.framework; sourceTree = DEVELOPER_DIR; };
		F44849A418998105007E2D73 /* VLCCommand.h */ = {isa = PBXFileReference; fileEncoding = 4; lastKnownFileType = sourcecode.c.h; path = VLCCommand.h; sourceTree = "<group>"; };
		F44849A518998105007E2D73 /* VLCCommand.m */ = {isa = PBXFileReference; fileEncoding = 4; lastKnownFileType = sourcecode.c.objc; path = VLCCommand.m; sourceTree = "<group>"; };
		F44849A718999FB8007E2D73 /* VLCRemotePlaylist.h */ = {isa = PBXFileReference; fileEncoding = 4; lastKnownFileType = sourcecode.c.h; path = VLCRemotePlaylist.h; sourceTree = "<group>"; };
		F44849A818999FB8007E2D73 /* VLCRemotePlaylist.m */ = {isa = PBXFileReference; fileEncoding = 4; lastKnownFileType = sourcecode.c.objc; path = VLCRemotePlaylist.m; sourceTree = "<group>"; };
		F484F01C1894776400DDD777 /* VLCCommandProtocol.h */ = {isa = PBXFileReference; fileEncoding = 4; lastKnownFileType = sourcecode.c.h; path = VLCCommandProtocol.h; sourceTree = "<group>"; };
		F484F01D1894776400DDD777 /* VLCClientProtocol.h */ = {isa = PBXFileReference; fileEncoding = 4; lastKnownFileType = sourcecode.c.h; path = VLCClientProtocol.h; sourceTree = "<group>"; };
		F484F01E1894776400DDD777 /* VLCHTTPClient.h */ = {isa = PBXFileReference; fileEncoding = 4; lastKnownFileType = sourcecode.c.h; path = VLCHTTPClient.h; sourceTree = "<group>"; };
		F484F01F1894776400DDD777 /* VLCHTTPClient.m */ = {isa = PBXFileReference; fileEncoding = 4; lastKnownFileType = sourcecode.c.objc; path = VLCHTTPClient.m; sourceTree = "<group>"; };
		F484F0201894776400DDD777 /* VLCRemoteKit.h */ = {isa = PBXFileReference; fileEncoding = 4; lastKnownFileType = sourcecode.c.h; path = VLCRemoteKit.h; sourceTree = "<group>"; };
		F49FF9E7189D9A86004BE640 /* NSError+VLC.h */ = {isa = PBXFileReference; fileEncoding = 4; lastKnownFileType = sourcecode.c.h; path = "NSError+VLC.h"; sourceTree = "<group>"; };
		F49FF9E8189D9A86004BE640 /* NSError+VLC.m */ = {isa = PBXFileReference; fileEncoding = 4; lastKnownFileType = sourcecode.c.objc; path = "NSError+VLC.m"; sourceTree = "<group>"; };
		F4A59E2A18953AAA0019B463 /* VLCRemotePlayer.h */ = {isa = PBXFileReference; fileEncoding = 4; lastKnownFileType = sourcecode.c.h; path = VLCRemotePlayer.h; sourceTree = "<group>"; };
		F4A59E2B18953AAA0019B463 /* VLCRemotePlayer.m */ = {isa = PBXFileReference; fileEncoding = 4; lastKnownFileType = sourcecode.c.objc; path = VLCRemotePlayer.m; sourceTree = "<group>"; };
/* End PBXFileReference section */

/* Begin PBXFrameworksBuildPhase section */
		F4276DE8189437DF0031772F /* Frameworks */ = {
			isa = PBXFrameworksBuildPhase;
			buildActionMask = 2147483647;
			files = (
				F4276DF1189437DF0031772F /* CoreGraphics.framework in Frameworks */,
				F4276DF3189437DF0031772F /* UIKit.framework in Frameworks */,
				F4276DEF189437DF0031772F /* Foundation.framework in Frameworks */,
			);
			runOnlyForDeploymentPostprocessing = 0;
		};
/* End PBXFrameworksBuildPhase section */

/* Begin PBXGroup section */
		F4276DE2189437DF0031772F = {
			isa = PBXGroup;
			children = (
				F4276E29189439220031772F /* VLCRemoteKit */,
				F4276DF4189437DF0031772F /* VLCRemoteKitExample */,
				F4276DED189437DF0031772F /* Frameworks */,
				F4276DEC189437DF0031772F /* Products */,
			);
			sourceTree = "<group>";
		};
		F4276DEC189437DF0031772F /* Products */ = {
			isa = PBXGroup;
			children = (
				F4276DEB189437DF0031772F /* VLCRemoteKitExample.app */,
			);
			name = Products;
			sourceTree = "<group>";
		};
		F4276DED189437DF0031772F /* Frameworks */ = {
			isa = PBXGroup;
			children = (
				F4276DEE189437DF0031772F /* Foundation.framework */,
				F4276DF0189437DF0031772F /* CoreGraphics.framework */,
				F4276DF2189437DF0031772F /* UIKit.framework */,
				F4276E10189437DF0031772F /* XCTest.framework */,
			);
			name = Frameworks;
			sourceTree = "<group>";
		};
		F4276DF4189437DF0031772F /* VLCRemoteKitExample */ = {
			isa = PBXGroup;
			children = (
				F4276DF5189437DF0031772F /* Supporting Files */,
				F4276DFD189437DF0031772F /* VRKAppDelegate.h */,
				F4276DFE189437DF0031772F /* VRKAppDelegate.m */,
				F4276E00189437DF0031772F /* Main_iPhone.storyboard */,
				F4276E03189437DF0031772F /* Main_iPad.storyboard */,
				F4276E06189437DF0031772F /* VRKViewController.h */,
				F4276E07189437DF0031772F /* VRKViewController.m */,
				F4276E09189437DF0031772F /* Images.xcassets */,
			);
			path = VLCRemoteKitExample;
			sourceTree = "<group>";
		};
		F4276DF5189437DF0031772F /* Supporting Files */ = {
			isa = PBXGroup;
			children = (
				F4276DF6189437DF0031772F /* VLCRemoteKitExample-Info.plist */,
				F4276DF7189437DF0031772F /* InfoPlist.strings */,
				F4276DFA189437DF0031772F /* main.m */,
				F4276DFC189437DF0031772F /* VLCRemoteKitExample-Prefix.pch */,
			);
			name = "Supporting Files";
			sourceTree = "<group>";
		};
		F4276E29189439220031772F /* VLCRemoteKit */ = {
			isa = PBXGroup;
			children = (
				F484F01C1894776400DDD777 /* VLCCommandProtocol.h */,
				F484F01D1894776400DDD777 /* VLCClientProtocol.h */,
				F484F01E1894776400DDD777 /* VLCHTTPClient.h */,
				F484F01F1894776400DDD777 /* VLCHTTPClient.m */,
				F484F0201894776400DDD777 /* VLCRemoteKit.h */,
				F44849A418998105007E2D73 /* VLCCommand.h */,
				F44849A518998105007E2D73 /* VLCCommand.m */,
				F4A59E2A18953AAA0019B463 /* VLCRemotePlayer.h */,
				F4A59E2B18953AAA0019B463 /* VLCRemotePlayer.m */,
				F44849A718999FB8007E2D73 /* VLCRemotePlaylist.h */,
				F44849A818999FB8007E2D73 /* VLCRemotePlaylist.m */,
				F49FF9E7189D9A86004BE640 /* NSError+VLC.h */,
				F49FF9E8189D9A86004BE640 /* NSError+VLC.m */,
			);
			name = VLCRemoteKit;
			path = ../VLCRemoteKit;
			sourceTree = "<group>";
		};
/* End PBXGroup section */

/* Begin PBXNativeTarget section */
		F4276DEA189437DF0031772F /* VLCRemoteKitExample */ = {
			isa = PBXNativeTarget;
			buildConfigurationList = F4276E20189437DF0031772F /* Build configuration list for PBXNativeTarget "VLCRemoteKitExample" */;
			buildPhases = (
				F4276DE7189437DF0031772F /* Sources */,
				F4276DE8189437DF0031772F /* Frameworks */,
				F4276DE9189437DF0031772F /* Resources */,
			);
			buildRules = (
			);
			dependencies = (
			);
			name = VLCRemoteKitExample;
			productName = VLCRemoteKitExample;
			productReference = F4276DEB189437DF0031772F /* VLCRemoteKitExample.app */;
			productType = "com.apple.product-type.application";
		};
/* End PBXNativeTarget section */

/* Begin PBXProject section */
		F4276DE3189437DF0031772F /* Project object */ = {
			isa = PBXProject;
			attributes = {
				CLASSPREFIX = VRK;
				LastUpgradeCheck = 0500;
				ORGANIZATIONNAME = "Yannick Loriot";
			};
			buildConfigurationList = F4276DE6189437DF0031772F /* Build configuration list for PBXProject "VLCRemoteKitExample" */;
			compatibilityVersion = "Xcode 3.2";
			developmentRegion = English;
			hasScannedForEncodings = 0;
			knownRegions = (
				en,
				Base,
			);
			mainGroup = F4276DE2189437DF0031772F;
			productRefGroup = F4276DEC189437DF0031772F /* Products */;
			projectDirPath = "";
			projectRoot = "";
			targets = (
				F4276DEA189437DF0031772F /* VLCRemoteKitExample */,
			);
		};
/* End PBXProject section */

/* Begin PBXResourcesBuildPhase section */
		F4276DE9189437DF0031772F /* Resources */ = {
			isa = PBXResourcesBuildPhase;
			buildActionMask = 2147483647;
			files = (
				F4276E05189437DF0031772F /* Main_iPad.storyboard in Resources */,
				F4276E0A189437DF0031772F /* Images.xcassets in Resources */,
				F4276E02189437DF0031772F /* Main_iPhone.storyboard in Resources */,
				F4276DF9189437DF0031772F /* InfoPlist.strings in Resources */,
			);
			runOnlyForDeploymentPostprocessing = 0;
		};
/* End PBXResourcesBuildPhase section */

/* Begin PBXSourcesBuildPhase section */
		F4276DE7189437DF0031772F /* Sources */ = {
			isa = PBXSourcesBuildPhase;
			buildActionMask = 2147483647;
			files = (
				F4A59E2C18953AAA0019B463 /* VLCRemotePlayer.m in Sources */,
				F484F0211894776400DDD777 /* VLCHTTPClient.m in Sources */,
				F49FF9E9189D9A86004BE640 /* NSError+VLC.m in Sources */,
				F4276DFF189437DF0031772F /* VRKAppDelegate.m in Sources */,
				F4276E08189437DF0031772F /* VRKViewController.m in Sources */,
				F4276DFB189437DF0031772F /* main.m in Sources */,
				F44849A618998105007E2D73 /* VLCCommand.m in Sources */,
				F44849A918999FB8007E2D73 /* VLCRemotePlaylist.m in Sources */,
			);
			runOnlyForDeploymentPostprocessing = 0;
		};
/* End PBXSourcesBuildPhase section */

/* Begin PBXVariantGroup section */
		F4276DF7189437DF0031772F /* InfoPlist.strings */ = {
			isa = PBXVariantGroup;
			children = (
				F4276DF8189437DF0031772F /* en */,
			);
			name = InfoPlist.strings;
			sourceTree = "<group>";
		};
		F4276E00189437DF0031772F /* Main_iPhone.storyboard */ = {
			isa = PBXVariantGroup;
			children = (
				F4276E01189437DF0031772F /* Base */,
			);
			name = Main_iPhone.storyboard;
			sourceTree = "<group>";
		};
		F4276E03189437DF0031772F /* Main_iPad.storyboard */ = {
			isa = PBXVariantGroup;
			children = (
				F4276E04189437DF0031772F /* Base */,
			);
			name = Main_iPad.storyboard;
			sourceTree = "<group>";
		};
/* End PBXVariantGroup section */

/* Begin XCBuildConfiguration section */
		F4276E1E189437DF0031772F /* Debug */ = {
			isa = XCBuildConfiguration;
			buildSettings = {
				ALWAYS_SEARCH_USER_PATHS = NO;
				ARCHS = "$(ARCHS_STANDARD_INCLUDING_64_BIT)";
				CLANG_CXX_LANGUAGE_STANDARD = "gnu++0x";
				CLANG_CXX_LIBRARY = "libc++";
				CLANG_ENABLE_MODULES = YES;
				CLANG_ENABLE_OBJC_ARC = YES;
				CLANG_WARN_BOOL_CONVERSION = YES;
				CLANG_WARN_CONSTANT_CONVERSION = YES;
				CLANG_WARN_DIRECT_OBJC_ISA_USAGE = YES_ERROR;
				CLANG_WARN_EMPTY_BODY = YES;
				CLANG_WARN_ENUM_CONVERSION = YES;
				CLANG_WARN_INT_CONVERSION = YES;
				CLANG_WARN_OBJC_ROOT_CLASS = YES_ERROR;
				CLANG_WARN__DUPLICATE_METHOD_MATCH = YES;
				"CODE_SIGN_IDENTITY[sdk=iphoneos*]" = "iPhone Developer";
				COPY_PHASE_STRIP = NO;
				GCC_C_LANGUAGE_STANDARD = gnu99;
				GCC_DYNAMIC_NO_PIC = NO;
				GCC_OPTIMIZATION_LEVEL = 0;
				GCC_PREPROCESSOR_DEFINITIONS = (
					"DEBUG=1",
					"$(inherited)",
				);
				GCC_SYMBOLS_PRIVATE_EXTERN = NO;
				GCC_WARN_64_TO_32_BIT_CONVERSION = YES;
				GCC_WARN_ABOUT_RETURN_TYPE = YES_ERROR;
				GCC_WARN_UNDECLARED_SELECTOR = YES;
				GCC_WARN_UNINITIALIZED_AUTOS = YES;
				GCC_WARN_UNUSED_FUNCTION = YES;
				GCC_WARN_UNUSED_VARIABLE = YES;
				IPHONEOS_DEPLOYMENT_TARGET = 7.0;
				ONLY_ACTIVE_ARCH = YES;
				SDKROOT = iphoneos;
				TARGETED_DEVICE_FAMILY = "1,2";
			};
			name = Debug;
		};
		F4276E1F189437DF0031772F /* Release */ = {
			isa = XCBuildConfiguration;
			buildSettings = {
				ALWAYS_SEARCH_USER_PATHS = NO;
				ARCHS = "$(ARCHS_STANDARD_INCLUDING_64_BIT)";
				CLANG_CXX_LANGUAGE_STANDARD = "gnu++0x";
				CLANG_CXX_LIBRARY = "libc++";
				CLANG_ENABLE_MODULES = YES;
				CLANG_ENABLE_OBJC_ARC = YES;
				CLANG_WARN_BOOL_CONVERSION = YES;
				CLANG_WARN_CONSTANT_CONVERSION = YES;
				CLANG_WARN_DIRECT_OBJC_ISA_USAGE = YES_ERROR;
				CLANG_WARN_EMPTY_BODY = YES;
				CLANG_WARN_ENUM_CONVERSION = YES;
				CLANG_WARN_INT_CONVERSION = YES;
				CLANG_WARN_OBJC_ROOT_CLASS = YES_ERROR;
				CLANG_WARN__DUPLICATE_METHOD_MATCH = YES;
				"CODE_SIGN_IDENTITY[sdk=iphoneos*]" = "iPhone Developer";
				COPY_PHASE_STRIP = YES;
				ENABLE_NS_ASSERTIONS = NO;
				GCC_C_LANGUAGE_STANDARD = gnu99;
				GCC_WARN_64_TO_32_BIT_CONVERSION = YES;
				GCC_WARN_ABOUT_RETURN_TYPE = YES_ERROR;
				GCC_WARN_UNDECLARED_SELECTOR = YES;
				GCC_WARN_UNINITIALIZED_AUTOS = YES;
				GCC_WARN_UNUSED_FUNCTION = YES;
				GCC_WARN_UNUSED_VARIABLE = YES;
				IPHONEOS_DEPLOYMENT_TARGET = 7.0;
				SDKROOT = iphoneos;
				TARGETED_DEVICE_FAMILY = "1,2";
				VALIDATE_PRODUCT = YES;
			};
			name = Release;
		};
		F4276E21189437DF0031772F /* Debug */ = {
			isa = XCBuildConfiguration;
			buildSettings = {
				ASSETCATALOG_COMPILER_APPICON_NAME = AppIcon;
				ASSETCATALOG_COMPILER_LAUNCHIMAGE_NAME = LaunchImage;
				GCC_PRECOMPILE_PREFIX_HEADER = YES;
				GCC_PREFIX_HEADER = "VLCRemoteKitExample/VLCRemoteKitExample-Prefix.pch";
				INFOPLIST_FILE = "VLCRemoteKitExample/VLCRemoteKitExample-Info.plist";
				PRODUCT_NAME = "$(TARGET_NAME)";
				WRAPPER_EXTENSION = app;
			};
			name = Debug;
		};
		F4276E22189437DF0031772F /* Release */ = {
			isa = XCBuildConfiguration;
			buildSettings = {
				ASSETCATALOG_COMPILER_APPICON_NAME = AppIcon;
				ASSETCATALOG_COMPILER_LAUNCHIMAGE_NAME = LaunchImage;
				GCC_PRECOMPILE_PREFIX_HEADER = YES;
				GCC_PREFIX_HEADER = "VLCRemoteKitExample/VLCRemoteKitExample-Prefix.pch";
				INFOPLIST_FILE = "VLCRemoteKitExample/VLCRemoteKitExample-Info.plist";
				PRODUCT_NAME = "$(TARGET_NAME)";
				WRAPPER_EXTENSION = app;
			};
			name = Release;
		};
/* End XCBuildConfiguration section */

/* Begin XCConfigurationList section */
		F4276DE6189437DF0031772F /* Build configuration list for PBXProject "VLCRemoteKitExample" */ = {
			isa = XCConfigurationList;
			buildConfigurations = (
				F4276E1E189437DF0031772F /* Debug */,
				F4276E1F189437DF0031772F /* Release */,
			);
			defaultConfigurationIsVisible = 0;
			defaultConfigurationName = Release;
		};
		F4276E20189437DF0031772F /* Build configuration list for PBXNativeTarget "VLCRemoteKitExample" */ = {
			isa = XCConfigurationList;
			buildConfigurations = (
				F4276E21189437DF0031772F /* Debug */,
				F4276E22189437DF0031772F /* Release */,
			);
			defaultConfigurationIsVisible = 0;
			defaultConfigurationName = Release;
		};
/* End XCConfigurationList section */
	};
	rootObject = F4276DE3189437DF0031772F /* Project object */;
}
